
Microsoft Visual Studio Solution File, Format Version 12.00
# Visual Studio Version 17
VisualStudioVersion = 17.4.33403.182
MinimumVisualStudioVersion = 10.0.40219.1
Project("{FAE04EC0-301F-11D3-BF4B-00C04F79EFBC}") = "task4_csharp", "task4_csharp.csproj", "{80DEA677-9D48-4501-BC45-5444E084885E}"
EndProject
Global
	GlobalSection(SolutionConfigurationPlatforms) = preSolution
		Debug|Any CPU = Debug|Any CPU
		Release|Any CPU = Release|Any CPU
	EndGlobalSection
	GlobalSection(ProjectConfigurationPlatforms) = postSolution
		{80DEA677-9D48-4501-BC45-5444E084885E}.Debug|Any CPU.ActiveCfg = Debug|Any CPU
		{80DEA677-9D48-4501-BC45-5444E084885E}.Debug|Any CPU.Build.0 = Debug|Any CPU
		{80DEA677-9D48-4501-BC45-5444E084885E}.Release|Any CPU.ActiveCfg = Release|Any CPU
		{80DEA677-9D48-4501-BC45-5444E084885E}.Release|Any CPU.Build.0 = Release|Any CPU
	EndGlobalSection
	GlobalSection(SolutionProperties) = preSolution
		HideSolutionNode = FALSE
	EndGlobalSection
	GlobalSection(ExtensibilityGlobals) = postSolution
		SolutionGuid = {4B93D73E-56C7-4E14-8694-FB5FE9921666}
	EndGlobalSection
EndGlobal
